
Microsoft Visual Studio Solution File, Format Version 12.00
# Visual Studio 15
VisualStudioVersion = 15.0.26430.16
MinimumVisualStudioVersion = 10.0.40219.1
Project("{FAE04EC0-301F-11D3-BF4B-00C04F79EFBC}") = "FinesSE.Contracts", "FinesSE.Contracts\FinesSE.Contracts.csproj", "{BC108868-ED68-4A88-A363-4D17CD745717}"
EndProject
Project("{FAE04EC0-301F-11D3-BF4B-00C04F79EFBC}") = "FinesSE.Outil", "FinesSE.Outil\FinesSE.Outil.csproj", "{314F9978-45DE-4861-8D1D-0C1825DAF265}"
EndProject
Project("{FAE04EC0-301F-11D3-BF4B-00C04F79EFBC}") = "FinesSE.Loader", "FinesSE.Loader\FinesSE.Loader.csproj", "{93C7B308-AF59-4175-8C97-061C341A3721}"
EndProject
Project("{FAE04EC0-301F-11D3-BF4B-00C04F79EFBC}") = "FinesSE.UnitTests", "FinesSE.UnitTests\FinesSE.UnitTests.csproj", "{35B129F6-5F18-470E-84E9-4E054E36794D}"
EndProject
Project("{FAE04EC0-301F-11D3-BF4B-00C04F79EFBC}") = "FinesSE.AcceptanceTests", "FinesSE.AcceptanceTests\FinesSE.AcceptanceTests.csproj", "{5DC04C1B-41B0-4F79-82DB-564FE2454137}"
EndProject
Project("{FAE04EC0-301F-11D3-BF4B-00C04F79EFBC}") = "FinesSE.Core", "FinesSE.Core\FinesSE.Core.csproj", "{243DBADA-3DFB-4A1A-B2FC-CF5E46FAE4A2}"
EndProject
Project("{FAE04EC0-301F-11D3-BF4B-00C04F79EFBC}") = "FinesSE.VisualRegression", "FinesSE.VisualRegression\FinesSE.VisualRegression.csproj", "{7867F561-6D22-4B8F-843C-603E998282C7}"
EndProject
Project("{FAE04EC0-301F-11D3-BF4B-00C04F79EFBC}") = "FinesSE.Outil.VisualRegression", "FinesSE.Outil.VisualRegression\FinesSE.Outil.VisualRegression.csproj", "{6F4588B6-FCF8-430B-A314-4A35DFE56AE5}"
EndProject
Project("{FAE04EC0-301F-11D3-BF4B-00C04F79EFBC}") = "FinesSE.Launcher", "FinesSE.Launcher\FinesSE.Launcher.csproj", "{C76565AB-46E9-44B7-A575-266BCCE92FA9}"
EndProject
Global
	GlobalSection(SolutionConfigurationPlatforms) = preSolution
		Debug|Any CPU = Debug|Any CPU
		Release|Any CPU = Release|Any CPU
	EndGlobalSection
	GlobalSection(ProjectConfigurationPlatforms) = postSolution
		{BC108868-ED68-4A88-A363-4D17CD745717}.Debug|Any CPU.ActiveCfg = Debug|Any CPU
		{BC108868-ED68-4A88-A363-4D17CD745717}.Debug|Any CPU.Build.0 = Debug|Any CPU
		{BC108868-ED68-4A88-A363-4D17CD745717}.Release|Any CPU.ActiveCfg = Release|Any CPU
		{BC108868-ED68-4A88-A363-4D17CD745717}.Release|Any CPU.Build.0 = Release|Any CPU
		{314F9978-45DE-4861-8D1D-0C1825DAF265}.Debug|Any CPU.ActiveCfg = Debug|Any CPU
		{314F9978-45DE-4861-8D1D-0C1825DAF265}.Debug|Any CPU.Build.0 = Debug|Any CPU
		{314F9978-45DE-4861-8D1D-0C1825DAF265}.Release|Any CPU.ActiveCfg = Release|Any CPU
		{314F9978-45DE-4861-8D1D-0C1825DAF265}.Release|Any CPU.Build.0 = Release|Any CPU
		{93C7B308-AF59-4175-8C97-061C341A3721}.Debug|Any CPU.ActiveCfg = Debug|Any CPU
		{93C7B308-AF59-4175-8C97-061C341A3721}.Debug|Any CPU.Build.0 = Debug|Any CPU
		{93C7B308-AF59-4175-8C97-061C341A3721}.Release|Any CPU.ActiveCfg = Release|Any CPU
		{93C7B308-AF59-4175-8C97-061C341A3721}.Release|Any CPU.Build.0 = Release|Any CPU
		{35B129F6-5F18-470E-84E9-4E054E36794D}.Debug|Any CPU.ActiveCfg = Debug|Any CPU
		{35B129F6-5F18-470E-84E9-4E054E36794D}.Debug|Any CPU.Build.0 = Debug|Any CPU
		{35B129F6-5F18-470E-84E9-4E054E36794D}.Release|Any CPU.ActiveCfg = Release|Any CPU
		{35B129F6-5F18-470E-84E9-4E054E36794D}.Release|Any CPU.Build.0 = Release|Any CPU
		{5DC04C1B-41B0-4F79-82DB-564FE2454137}.Debug|Any CPU.ActiveCfg = Debug|Any CPU
		{5DC04C1B-41B0-4F79-82DB-564FE2454137}.Debug|Any CPU.Build.0 = Debug|Any CPU
		{5DC04C1B-41B0-4F79-82DB-564FE2454137}.Release|Any CPU.ActiveCfg = Release|Any CPU
		{5DC04C1B-41B0-4F79-82DB-564FE2454137}.Release|Any CPU.Build.0 = Release|Any CPU
		{243DBADA-3DFB-4A1A-B2FC-CF5E46FAE4A2}.Debug|Any CPU.ActiveCfg = Debug|Any CPU
		{243DBADA-3DFB-4A1A-B2FC-CF5E46FAE4A2}.Debug|Any CPU.Build.0 = Debug|Any CPU
		{243DBADA-3DFB-4A1A-B2FC-CF5E46FAE4A2}.Release|Any CPU.ActiveCfg = Release|Any CPU
		{243DBADA-3DFB-4A1A-B2FC-CF5E46FAE4A2}.Release|Any CPU.Build.0 = Release|Any CPU
		{7867F561-6D22-4B8F-843C-603E998282C7}.Debug|Any CPU.ActiveCfg = Debug|Any CPU
		{7867F561-6D22-4B8F-843C-603E998282C7}.Debug|Any CPU.Build.0 = Debug|Any CPU
		{7867F561-6D22-4B8F-843C-603E998282C7}.Release|Any CPU.ActiveCfg = Release|Any CPU
		{7867F561-6D22-4B8F-843C-603E998282C7}.Release|Any CPU.Build.0 = Release|Any CPU
		{6F4588B6-FCF8-430B-A314-4A35DFE56AE5}.Debug|Any CPU.ActiveCfg = Debug|Any CPU
		{6F4588B6-FCF8-430B-A314-4A35DFE56AE5}.Debug|Any CPU.Build.0 = Debug|Any CPU
		{6F4588B6-FCF8-430B-A314-4A35DFE56AE5}.Release|Any CPU.ActiveCfg = Release|Any CPU
		{6F4588B6-FCF8-430B-A314-4A35DFE56AE5}.Release|Any CPU.Build.0 = Release|Any CPU
		{C76565AB-46E9-44B7-A575-266BCCE92FA9}.Debug|Any CPU.ActiveCfg = Debug|Any CPU
		{C76565AB-46E9-44B7-A575-266BCCE92FA9}.Debug|Any CPU.Build.0 = Debug|Any CPU
		{C76565AB-46E9-44B7-A575-266BCCE92FA9}.Release|Any CPU.ActiveCfg = Release|Any CPU
		{C76565AB-46E9-44B7-A575-266BCCE92FA9}.Release|Any CPU.Build.0 = Release|Any CPU
	EndGlobalSection
	GlobalSection(SolutionProperties) = preSolution
		HideSolutionNode = FALSE
	EndGlobalSection
EndGlobal
